
Microsoft Visual Studio Solution File, Format Version 12.00
# Visual Studio Version 17
VisualStudioVersion = 17.4.33213.308
MinimumVisualStudioVersion = 10.0.40219.1
Project("{FAE04EC0-301F-11D3-BF4B-00C04F79EFBC}") = "Ripa-bot", "Ripa-bot\Ripa-bot.csproj", "{32E79B41-1EC8-40A9-AD05-A21898A33A89}"
EndProject
Global
	GlobalSection(SolutionConfigurationPlatforms) = preSolution
		Debug|Any CPU = Debug|Any CPU
		Release|Any CPU = Release|Any CPU
	EndGlobalSection
	GlobalSection(ProjectConfigurationPlatforms) = postSolution
		{32E79B41-1EC8-40A9-AD05-A21898A33A89}.Debug|Any CPU.ActiveCfg = Debug|Any CPU
		{32E79B41-1EC8-40A9-AD05-A21898A33A89}.Debug|Any CPU.Build.0 = Debug|Any CPU
		{32E79B41-1EC8-40A9-AD05-A21898A33A89}.Release|Any CPU.ActiveCfg = Release|Any CPU
		{32E79B41-1EC8-40A9-AD05-A21898A33A89}.Release|Any CPU.Build.0 = Release|Any CPU
	EndGlobalSection
	GlobalSection(SolutionProperties) = preSolution
		HideSolutionNode = FALSE
	EndGlobalSection
	GlobalSection(ExtensibilityGlobals) = postSolution
		SolutionGuid = {0EF38DFB-C837-410F-B389-CFE785F2BE22}
	EndGlobalSection
EndGlobal
